<?xml version="1.0" encoding="utf-8"?>
<Project ToolsVersion="17.0" xmlns="http://schemas.microsoft.com/developer/msbuild/2003">
  <ItemGroup>
    <ClCompile Include="E:\SourceFiles\CUITProject1\src\main.c">
      <Filter>Source Files</Filter>
    </ClCompile>
    <ClCompile Include="E:\SourceFiles\CUITProject1\src\stack.c">
      <Filter>Source Files</Filter>
    </ClCompile>
    <ClCompile Include="E:\SourceFiles\CUITProject1\src\control.c">
      <Filter>Source Files</Filter>
    </ClCompile>
    <ClCompile Include="E:\SourceFiles\CUITProject1\src\calculate.c">
      <Filter>Source Files</Filter>
    </ClCompile>
    <ClCompile Include="E:\SourceFiles\CUITProject1\src\postfix.c">
      <Filter>Source Files</Filter>
    </ClCompile>
    <ClCompile Include="E:\SourceFiles\CUITProject1\src\filewriter.c">
      <Filter>Source Files</Filter>
    </ClCompile>
  </ItemGroup>
  <ItemGroup>
    <CustomBuild Include="E:\SourceFiles\CUITProject1\CMakeLists.txt" />
  </ItemGroup>
  <ItemGroup>
    <Filter Include="Source Files">
      <UniqueIdentifier>{A8E265DA-A184-3097-8A15-81B89F64793E}</UniqueIdentifier>
    </Filter>
  </ItemGroup>
</Project>
